
Microsoft Visual Studio Solution File, Format Version 12.00
# Visual Studio Version 16
VisualStudioVersion = 16.0.30621.155
MinimumVisualStudioVersion = 10.0.40219.1
Project("{FAE04EC0-301F-11D3-BF4B-00C04F79EFBC}") = "Tarea", "Tarea\Tarea.csproj", "{38368850-32DC-4775-A1CD-EE957AA96F0F}"
EndProject
Global
	GlobalSection(SolutionConfigurationPlatforms) = preSolution
		Debug|Any CPU = Debug|Any CPU
		Release|Any CPU = Release|Any CPU
	EndGlobalSection
	GlobalSection(ProjectConfigurationPlatforms) = postSolution
		{38368850-32DC-4775-A1CD-EE957AA96F0F}.Debug|Any CPU.ActiveCfg = Debug|Any CPU
		{38368850-32DC-4775-A1CD-EE957AA96F0F}.Debug|Any CPU.Build.0 = Debug|Any CPU
		{38368850-32DC-4775-A1CD-EE957AA96F0F}.Release|Any CPU.ActiveCfg = Release|Any CPU
		{38368850-32DC-4775-A1CD-EE957AA96F0F}.Release|Any CPU.Build.0 = Release|Any CPU
	EndGlobalSection
	GlobalSection(SolutionProperties) = preSolution
		HideSolutionNode = FALSE
	EndGlobalSection
	GlobalSection(ExtensibilityGlobals) = postSolution
		SolutionGuid = {F86344DE-0730-427C-AC8B-AF64858B4015}
	EndGlobalSection
EndGlobal
